// !$*UTF8*$!
{
	archiveVersion = 1;
	classes = {
	};
	objectVersion = 46;
	objects = {

/* Begin PBXBuildFile section */
		917607FA1B8D9D0D00E3B2CC /* main.m in Sources */ = {isa = PBXBuildFile; fileRef = 917607F91B8D9D0D00E3B2CC /* main.m */; };
		917607FD1B8D9D0D00E3B2CC /* AppDelegate.m in Sources */ = {isa = PBXBuildFile; fileRef = 917607FC1B8D9D0D00E3B2CC /* AppDelegate.m */; };
		917608001B8D9D0D00E3B2CC /* ViewController.m in Sources */ = {isa = PBXBuildFile; fileRef = 917607FF1B8D9D0D00E3B2CC /* ViewController.m */; };
		917608031B8D9D0D00E3B2CC /* Main.storyboard in Resources */ = {isa = PBXBuildFile; fileRef = 917608011B8D9D0D00E3B2CC /* Main.storyboard */; };
		917608051B8D9D0D00E3B2CC /* Images.xcassets in Resources */ = {isa = PBXBuildFile; fileRef = 917608041B8D9D0D00E3B2CC /* Images.xcassets */; };
		917608081B8D9D0D00E3B2CC /* LaunchScreen.xib in Resources */ = {isa = PBXBuildFile; fileRef = 917608061B8D9D0D00E3B2CC /* LaunchScreen.xib */; };
		917608141B8D9D0D00E3B2CC /* LoginDemoTests.m in Sources */ = {isa = PBXBuildFile; fileRef = 917608131B8D9D0D00E3B2CC /* LoginDemoTests.m */; };
/* End PBXBuildFile section */

/* Begin PBXContainerItemProxy section */
		9176080E1B8D9D0D00E3B2CC /* PBXContainerItemProxy */ = {
			isa = PBXContainerItemProxy;
			containerPortal = 917607EC1B8D9D0D00E3B2CC /* Project object */;
			proxyType = 1;
			remoteGlobalIDString = 917607F31B8D9D0D00E3B2CC;
			remoteInfo = LoginDemo;
		};
/* End PBXContainerItemProxy section */

/* Begin PBXFileReference section */
		917607F41B8D9D0D00E3B2CC /* LoginDemo.app */ = {isa = PBXFileReference; explicitFileType = wrapper.application; includeInIndex = 0; path = LoginDemo.app; sourceTree = BUILT_PRODUCTS_DIR; };
		917607F81B8D9D0D00E3B2CC /* Info.plist */ = {isa = PBXFileReference; lastKnownFileType = text.plist.xml; path = Info.plist; sourceTree = "<group>"; };
		917607F91B8D9D0D00E3B2CC /* main.m */ = {isa = PBXFileReference; lastKnownFileType = sourcecode.c.objc; path = main.m; sourceTree = "<group>"; };
		917607FB1B8D9D0D00E3B2CC /* AppDelegate.h */ = {isa = PBXFileReference; lastKnownFileType = sourcecode.c.h; path = AppDelegate.h; sourceTree = "<group>"; };
		917607FC1B8D9D0D00E3B2CC /* AppDelegate.m */ = {isa = PBXFileReference; lastKnownFileType = sourcecode.c.objc; path = AppDelegate.m; sourceTree = "<group>"; };
		917607FE1B8D9D0D00E3B2CC /* ViewController.h */ = {isa = PBXFileReference; lastKnownFileType = sourcecode.c.h; path = ViewController.h; sourceTree = "<group>"; };
		917607FF1B8D9D0D00E3B2CC /* ViewController.m */ = {isa = PBXFileReference; lastKnownFileType = sourcecode.c.objc; path = ViewController.m; sourceTree = "<group>"; };
		917608021B8D9D0D00E3B2CC /* Base */ = {isa = PBXFileReference; lastKnownFileType = file.storyboard; name = Base; path = Base.lproj/Main.storyboard; sourceTree = "<group>"; };
		917608041B8D9D0D00E3B2CC /* Images.xcassets */ = {isa = PBXFileReference; lastKnownFileType = folder.assetcatalog; path = Images.xcassets; sourceTree = "<group>"; };
		917608071B8D9D0D00E3B2CC /* Base */ = {isa = PBXFileReference; lastKnownFileType = file.xib; name = Base; path = Base.lproj/LaunchScreen.xib; sourceTree = "<group>"; };
		9176080D1B8D9D0D00E3B2CC /* LoginDemoTests.xctest */ = {isa = PBXFileReference; explicitFileType = wrapper.cfbundle; includeInIndex = 0; path = LoginDemoTests.xctest; sourceTree = BUILT_PRODUCTS_DIR; };
		917608121B8D9D0D00E3B2CC /* Info.plist */ = {isa = PBXFileReference; lastKnownFileType = text.plist.xml; path = Info.plist; sourceTree = "<group>"; };
		917608131B8D9D0D00E3B2CC /* LoginDemoTests.m */ = {isa = PBXFileReference; lastKnownFileType = sourcecode.c.objc; path = LoginDemoTests.m; sourceTree = "<group>"; };
/* End PBXFileReference section */

/* Begin PBXFrameworksBuildPhase section */
		917607F11B8D9D0D00E3B2CC /* Frameworks */ = {
			isa = PBXFrameworksBuildPhase;
			buildActionMask = 2147483647;
			files = (
			);
			runOnlyForDeploymentPostprocessing = 0;
		};
		9176080A1B8D9D0D00E3B2CC /* Frameworks */ = {
			isa = PBXFrameworksBuildPhase;
			buildActionMask = 2147483647;
			files = (
			);
			runOnlyForDeploymentPostprocessing = 0;
		};
/* End PBXFrameworksBuildPhase section */

/* Begin PBXGroup section */
		917607EB1B8D9D0D00E3B2CC = {
			isa = PBXGroup;
			children = (
				917607F61B8D9D0D00E3B2CC /* LoginDemo */,
				917608101B8D9D0D00E3B2CC /* LoginDemoTests */,
				917607F51B8D9D0D00E3B2CC /* Products */,
			);
			sourceTree = "<group>";
		};
		917607F51B8D9D0D00E3B2CC /* Products */ = {
			isa = PBXGroup;
			children = (
				917607F41B8D9D0D00E3B2CC /* LoginDemo.app */,
				9176080D1B8D9D0D00E3B2CC /* LoginDemoTests.xctest */,
			);
			name = Products;
			sourceTree = "<group>";
		};
		917607F61B8D9D0D00E3B2CC /* LoginDemo */ = {
			isa = PBXGroup;
			children = (
				917607FB1B8D9D0D00E3B2CC /* AppDelegate.h */,
				917607FC1B8D9D0D00E3B2CC /* AppDelegate.m */,
				917607FE1B8D9D0D00E3B2CC /* ViewController.h */,
				917607FF1B8D9D0D00E3B2CC /* ViewController.m */,
				917608011B8D9D0D00E3B2CC /* Main.storyboard */,
				917608041B8D9D0D00E3B2CC /* Images.xcassets */,
				917608061B8D9D0D00E3B2CC /* LaunchScreen.xib */,
				917607F71B8D9D0D00E3B2CC /* Supporting Files */,
			);
			path = LoginDemo;
			sourceTree = "<group>";
		};
		917607F71B8D9D0D00E3B2CC /* Supporting Files */ = {
			isa = PBXGroup;
			children = (
				917607F81B8D9D0D00E3B2CC /* Info.plist */,
				917607F91B8D9D0D00E3B2CC /* main.m */,
			);
			name = "Supporting Files";
			sourceTree = "<group>";
		};
		917608101B8D9D0D00E3B2CC /* LoginDemoTests */ = {
			isa = PBXGroup;
			children = (
				917608131B8D9D0D00E3B2CC /* LoginDemoTests.m */,
				917608111B8D9D0D00E3B2CC /* Supporting Files */,
			);
			path = LoginDemoTests;
			sourceTree = "<group>";
		};
		917608111B8D9D0D00E3B2CC /* Supporting Files */ = {
			isa = PBXGroup;
			children = (
				917608121B8D9D0D00E3B2CC /* Info.plist */,
			);
			name = "Supporting Files";
			sourceTree = "<group>";
		};
/* End PBXGroup section */

/* Begin PBXNativeTarget section */
		917607F31B8D9D0D00E3B2CC /* LoginDemo */ = {
			isa = PBXNativeTarget;
			buildConfigurationList = 917608171B8D9D0D00E3B2CC /* Build configuration list for PBXNativeTarget "LoginDemo" */;
			buildPhases = (
				917607F01B8D9D0D00E3B2CC /* Sources */,
				917607F11B8D9D0D00E3B2CC /* Frameworks */,
				917607F21B8D9D0D00E3B2CC /* Resources */,
			);
			buildRules = (
			);
			dependencies = (
			);
			name = LoginDemo;
			productName = LoginDemo;
			productReference = 917607F41B8D9D0D00E3B2CC /* LoginDemo.app */;
			productType = "com.apple.product-type.application";
		};
		9176080C1B8D9D0D00E3B2CC /* LoginDemoTests */ = {
			isa = PBXNativeTarget;
			buildConfigurationList = 9176081A1B8D9D0D00E3B2CC /* Build configuration list for PBXNativeTarget "LoginDemoTests" */;
			buildPhases = (
				917608091B8D9D0D00E3B2CC /* Sources */,
				9176080A1B8D9D0D00E3B2CC /* Frameworks */,
				9176080B1B8D9D0D00E3B2CC /* Resources */,
			);
			buildRules = (
			);
			dependencies = (
				9176080F1B8D9D0D00E3B2CC /* PBXTargetDependency */,
			);
			name = LoginDemoTests;
			productName = LoginDemoTests;
			productReference = 9176080D1B8D9D0D00E3B2CC /* LoginDemoTests.xctest */;
			productType = "com.apple.product-type.bundle.unit-test";
		};
/* End PBXNativeTarget section */

/* Begin PBXProject section */
		917607EC1B8D9D0D00E3B2CC /* Project object */ = {
			isa = PBXProject;
			attributes = {
				LastUpgradeCheck = 0640;
				ORGANIZATIONNAME = MapKing;
				TargetAttributes = {
					917607F31B8D9D0D00E3B2CC = {
						CreatedOnToolsVersion = 6.4;
					};
					9176080C1B8D9D0D00E3B2CC = {
						CreatedOnToolsVersion = 6.4;
						TestTargetID = 917607F31B8D9D0D00E3B2CC;
					};
				};
			};
			buildConfigurationList = 917607EF1B8D9D0D00E3B2CC /* Build configuration list for PBXProject "LoginDemo" */;
			compatibilityVersion = "Xcode 3.2";
			developmentRegion = English;
			hasScannedForEncodings = 0;
			knownRegions = (
				en,
				Base,
			);
			mainGroup = 917607EB1B8D9D0D00E3B2CC;
			productRefGroup = 917607F51B8D9D0D00E3B2CC /* Products */;
			projectDirPath = "";
			projectRoot = "";
			targets = (
				917607F31B8D9D0D00E3B2CC /* LoginDemo */,
				9176080C1B8D9D0D00E3B2CC /* LoginDemoTests */,
			);
		};
/* End PBXProject section */

/* Begin PBXResourcesBuildPhase section */
		917607F21B8D9D0D00E3B2CC /* Resources */ = {
			isa = PBXResourcesBuildPhase;
			buildActionMask = 2147483647;
			files = (
				917608031B8D9D0D00E3B2CC /* Main.storyboard in Resources */,
				917608081B8D9D0D00E3B2CC /* LaunchScreen.xib in Resources */,
				917608051B8D9D0D00E3B2CC /* Images.xcassets in Resources */,
			);
			runOnlyForDeploymentPostprocessing = 0;
		};
		9176080B1B8D9D0D00E3B2CC /* Resources */ = {
			isa = PBXResourcesBuildPhase;
			buildActionMask = 2147483647;
			files = (
			);
			runOnlyForDeploymentPostprocessing = 0;
		};
/* End PBXResourcesBuildPhase section */

/* Begin PBXSourcesBuildPhase section */
		917607F01B8D9D0D00E3B2CC /* Sources */ = {
			isa = PBXSourcesBuildPhase;
			buildActionMask = 2147483647;
			files = (
				917608001B8D9D0D00E3B2CC /* ViewController.m in Sources */,
				917607FD1B8D9D0D00E3B2CC /* AppDelegate.m in Sources */,
				917607FA1B8D9D0D00E3B2CC /* main.m in Sources */,
			);
			runOnlyForDeploymentPostprocessing = 0;
		};
		917608091B8D9D0D00E3B2CC /* Sources */ = {
			isa = PBXSourcesBuildPhase;
			buildActionMask = 2147483647;
			files = (
				917608141B8D9D0D00E3B2CC /* LoginDemoTests.m in Sources */,
			);
			runOnlyForDeploymentPostprocessing = 0;
		};
/* End PBXSourcesBuildPhase section */

/* Begin PBXTargetDependency section */
		9176080F1B8D9D0D00E3B2CC /* PBXTargetDependency */ = {
			isa = PBXTargetDependency;
			target = 917607F31B8D9D0D00E3B2CC /* LoginDemo */;
			targetProxy = 9176080E1B8D9D0D00E3B2CC /* PBXContainerItemProxy */;
		};
/* End PBXTargetDependency section */

/* Begin PBXVariantGroup section */
		917608011B8D9D0D00E3B2CC /* Main.storyboard */ = {
			isa = PBXVariantGroup;
			children = (
				917608021B8D9D0D00E3B2CC /* Base */,
			);
			name = Main.storyboard;
			sourceTree = "<group>";
		};
		917608061B8D9D0D00E3B2CC /* LaunchScreen.xib */ = {
			isa = PBXVariantGroup;
			children = (
				917608071B8D9D0D00E3B2CC /* Base */,
			);
			name = LaunchScreen.xib;
			sourceTree = "<group>";
		};
/* End PBXVariantGroup section */

/* Begin XCBuildConfiguration section */
		917608151B8D9D0D00E3B2CC /* Debug */ = {
			isa = XCBuildConfiguration;
			buildSettings = {
				ALWAYS_SEARCH_USER_PATHS = NO;
				CLANG_CXX_LANGUAGE_STANDARD = "gnu++0x";
				CLANG_CXX_LIBRARY = "libc++";
				CLANG_ENABLE_MODULES = YES;
				CLANG_ENABLE_OBJC_ARC = YES;
				CLANG_WARN_BOOL_CONVERSION = YES;
				CLANG_WARN_CONSTANT_CONVERSION = YES;
				CLANG_WARN_DIRECT_OBJC_ISA_USAGE = YES_ERROR;
				CLANG_WARN_EMPTY_BODY = YES;
				CLANG_WARN_ENUM_CONVERSION = YES;
				CLANG_WARN_INT_CONVERSION = YES;
				CLANG_WARN_OBJC_ROOT_CLASS = YES_ERROR;
				CLANG_WARN_UNREACHABLE_CODE = YES;
				CLANG_WARN__DUPLICATE_METHOD_MATCH = YES;
				"CODE_SIGN_IDENTITY[sdk=iphoneos*]" = "iPhone Developer";
				COPY_PHASE_STRIP = NO;
				DEBUG_INFORMATION_FORMAT = "dwarf-with-dsym";
				ENABLE_STRICT_OBJC_MSGSEND = YES;
				GCC_C_LANGUAGE_STANDARD = gnu99;
				GCC_DYNAMIC_NO_PIC = NO;
				GCC_NO_COMMON_BLOCKS = YES;
				GCC_OPTIMIZATION_LEVEL = 0;
				GCC_PREPROCESSOR_DEFINITIONS = (
					"DEBUG=1",
					"$(inherited)",
				);
				GCC_SYMBOLS_PRIVATE_EXTERN = NO;
				GCC_WARN_64_TO_32_BIT_CONVERSION = YES;
				GCC_WARN_ABOUT_RETURN_TYPE = YES_ERROR;
				GCC_WARN_UNDECLARED_SELECTOR = YES;
				GCC_WARN_UNINITIALIZED_AUTOS = YES_AGGRESSIVE;
				GCC_WARN_UNUSED_FUNCTION = YES;
				GCC_WARN_UNUSED_VARIABLE = YES;
				IPHONEOS_DEPLOYMENT_TARGET = 8.4;
				MTL_ENABLE_DEBUG_INFO = YES;
				ONLY_ACTIVE_ARCH = YES;
				SDKROOT = iphoneos;
				TARGETED_DEVICE_FAMILY = "1,2";
			};
			name = Debug;
		};
		917608161B8D9D0D00E3B2CC /* Release */ = {
			isa = XCBuildConfiguration;
			buildSettings = {
				ALWAYS_SEARCH_USER_PATHS = NO;
				CLANG_CXX_LANGUAGE_STANDARD = "gnu++0x";
				CLANG_CXX_LIBRARY = "libc++";
				CLANG_ENABLE_MODULES = YES;
				CLANG_ENABLE_OBJC_ARC = YES;
				CLANG_WARN_BOOL_CONVERSION = YES;
				CLANG_WARN_CONSTANT_CONVERSION = YES;
				CLANG_WARN_DIRECT_OBJC_ISA_USAGE = YES_ERROR;
				CLANG_WARN_EMPTY_BODY = YES;
				CLANG_WARN_ENUM_CONVERSION = YES;
				CLANG_WARN_INT_CONVERSION = YES;
				CLANG_WARN_OBJC_ROOT_CLASS = YES_ERROR;
				CLANG_WARN_UNREACHABLE_CODE = YES;
				CLANG_WARN__DUPLICATE_METHOD_MATCH = YES;
				"CODE_SIGN_IDENTITY[sdk=iphoneos*]" = "iPhone Developer";
				COPY_PHASE_STRIP = NO;
				DEBUG_INFORMATION_FORMAT = "dwarf-with-dsym";
				ENABLE_NS_ASSERTIONS = NO;
				ENABLE_STRICT_OBJC_MSGSEND = YES;
				GCC_C_LANGUAGE_STANDARD = gnu99;
				GCC_NO_COMMON_BLOCKS = YES;
				GCC_WARN_64_TO_32_BIT_CONVERSION = YES;
				GCC_WARN_ABOUT_RETURN_TYPE = YES_ERROR;
				GCC_WARN_UNDECLARED_SELECTOR = YES;
				GCC_WARN_UNINITIALIZED_AUTOS = YES_AGGRESSIVE;
				GCC_WARN_UNUSED_FUNCTION = YES;
				GCC_WARN_UNUSED_VARIABLE = YES;
				IPHONEOS_DEPLOYMENT_TARGET = 8.4;
				MTL_ENABLE_DEBUG_INFO = NO;
				SDKROOT = iphoneos;
				TARGETED_DEVICE_FAMILY = "1,2";
				VALIDATE_PRODUCT = YES;
			};
			name = Release;
		};
		917608181B8D9D0D00E3B2CC /* Debug */ = {
			isa = XCBuildConfiguration;
			buildSettings = {
				ASSETCATALOG_COMPILER_APPICON_NAME = AppIcon;
				INFOPLIST_FILE = LoginDemo/Info.plist;
				LD_RUNPATH_SEARCH_PATHS = "$(inherited) @executable_path/Frameworks";
				PRODUCT_NAME = "$(TARGET_NAME)";
			};
			name = Debug;
		};
		917608191B8D9D0D00E3B2CC /* Release */ = {
			isa = XCBuildConfiguration;
			buildSettings = {
				ASSETCATALOG_COMPILER_APPICON_NAME = AppIcon;
				INFOPLIST_FILE = LoginDemo/Info.plist;
				LD_RUNPATH_SEARCH_PATHS = "$(inherited) @executable_path/Frameworks";
				PRODUCT_NAME = "$(TARGET_NAME)";
			};
			name = Release;
		};
		9176081B1B8D9D0D00E3B2CC /* Debug */ = {
			isa = XCBuildConfiguration;
			buildSettings = {
				BUNDLE_LOADER = "$(TEST_HOST)";
				FRAMEWORK_SEARCH_PATHS = (
					"$(SDKROOT)/Developer/Library/Frameworks",
					"$(inherited)",
				);
				GCC_PREPROCESSOR_DEFINITIONS = (
					"DEBUG=1",
					"$(inherited)",
				);
				INFOPLIST_FILE = LoginDemoTests/Info.plist;
				LD_RUNPATH_SEARCH_PATHS = "$(inherited) @executable_path/Frameworks @loader_path/Frameworks";
				PRODUCT_NAME = "$(TARGET_NAME)";
				TEST_HOST = "$(BUILT_PRODUCTS_DIR)/LoginDemo.app/LoginDemo";
			};
			name = Debug;
		};
		9176081C1B8D9D0D00E3B2CC /* Release */ = {
			isa = XCBuildConfiguration;
			buildSettings = {
				BUNDLE_LOADER = "$(TEST_HOST)";
				FRAMEWORK_SEARCH_PATHS = (
					"$(SDKROOT)/Developer/Library/Frameworks",
					"$(inherited)",
				);
				INFOPLIST_FILE = LoginDemoTests/Info.plist;
				LD_RUNPATH_SEARCH_PATHS = "$(inherited) @executable_path/Frameworks @loader_path/Frameworks";
				PRODUCT_NAME = "$(TARGET_NAME)";
				TEST_HOST = "$(BUILT_PRODUCTS_DIR)/LoginDemo.app/LoginDemo";
			};
			name = Release;
		};
/* End XCBuildConfiguration section */

/* Begin XCConfigurationList section */
		917607EF1B8D9D0D00E3B2CC /* Build configuration list for PBXProject "LoginDemo" */ = {
			isa = XCConfigurationList;
			buildConfigurations = (
				917608151B8D9D0D00E3B2CC /* Debug */,
				917608161B8D9D0D00E3B2CC /* Release */,
			);
			defaultConfigurationIsVisible = 0;
			defaultConfigurationName = Release;
		};
		917608171B8D9D0D00E3B2CC /* Build configuration list for PBXNativeTarget "LoginDemo" */ = {
			isa = XCConfigurationList;
			buildConfigurations = (
				917608181B8D9D0D00E3B2CC /* Debug */,
				917608191B8D9D0D00E3B2CC /* Release */,
			);
			defaultConfigurationIsVisible = 0;
		};
		9176081A1B8D9D0D00E3B2CC /* Build configuration list for PBXNativeTarget "LoginDemoTests" */ = {
			isa = XCConfigurationList;
			buildConfigurations = (
				9176081B1B8D9D0D00E3B2CC /* Debug */,
				9176081C1B8D9D0D00E3B2CC /* Release */,
			);
			defaultConfigurationIsVisible = 0;
		};
/* End XCConfigurationList section */
	};
	rootObject = 917607EC1B8D9D0D00E3B2CC /* Project object */;
}
