// !$*UTF8*$!
{
	archiveVersion = 1;
	classes = {
	};
	objectVersion = 46;
	objects = {

/* Begin PBXBuildFile section */
		9176082C1B8DABC200E3B2CC /* main.m in Sources */ = {isa = PBXBuildFile; fileRef = 9176082B1B8DABC200E3B2CC /* main.m */; };
		9176082F1B8DABC200E3B2CC /* AppDelegate.m in Sources */ = {isa = PBXBuildFile; fileRef = 9176082E1B8DABC200E3B2CC /* AppDelegate.m */; };
		917608321B8DABC200E3B2CC /* ViewController.m in Sources */ = {isa = PBXBuildFile; fileRef = 917608311B8DABC200E3B2CC /* ViewController.m */; };
		917608351B8DABC200E3B2CC /* Main.storyboard in Resources */ = {isa = PBXBuildFile; fileRef = 917608331B8DABC200E3B2CC /* Main.storyboard */; };
		917608371B8DABC200E3B2CC /* Images.xcassets in Resources */ = {isa = PBXBuildFile; fileRef = 917608361B8DABC200E3B2CC /* Images.xcassets */; };
		9176083A1B8DABC200E3B2CC /* LaunchScreen.xib in Resources */ = {isa = PBXBuildFile; fileRef = 917608381B8DABC200E3B2CC /* LaunchScreen.xib */; };
		917608461B8DABC300E3B2CC /* UIActionSheetDemoTests.m in Sources */ = {isa = PBXBuildFile; fileRef = 917608451B8DABC300E3B2CC /* UIActionSheetDemoTests.m */; };
/* End PBXBuildFile section */

/* Begin PBXContainerItemProxy section */
		917608401B8DABC300E3B2CC /* PBXContainerItemProxy */ = {
			isa = PBXContainerItemProxy;
			containerPortal = 9176081E1B8DABC200E3B2CC /* Project object */;
			proxyType = 1;
			remoteGlobalIDString = 917608251B8DABC200E3B2CC;
			remoteInfo = UIActionSheetDemo;
		};
/* End PBXContainerItemProxy section */

/* Begin PBXFileReference section */
		917608261B8DABC200E3B2CC /* UIActionSheetDemo.app */ = {isa = PBXFileReference; explicitFileType = wrapper.application; includeInIndex = 0; path = UIActionSheetDemo.app; sourceTree = BUILT_PRODUCTS_DIR; };
		9176082A1B8DABC200E3B2CC /* Info.plist */ = {isa = PBXFileReference; lastKnownFileType = text.plist.xml; path = Info.plist; sourceTree = "<group>"; };
		9176082B1B8DABC200E3B2CC /* main.m */ = {isa = PBXFileReference; lastKnownFileType = sourcecode.c.objc; path = main.m; sourceTree = "<group>"; };
		9176082D1B8DABC200E3B2CC /* AppDelegate.h */ = {isa = PBXFileReference; lastKnownFileType = sourcecode.c.h; path = AppDelegate.h; sourceTree = "<group>"; };
		9176082E1B8DABC200E3B2CC /* AppDelegate.m */ = {isa = PBXFileReference; lastKnownFileType = sourcecode.c.objc; path = AppDelegate.m; sourceTree = "<group>"; };
		917608301B8DABC200E3B2CC /* ViewController.h */ = {isa = PBXFileReference; lastKnownFileType = sourcecode.c.h; path = ViewController.h; sourceTree = "<group>"; };
		917608311B8DABC200E3B2CC /* ViewController.m */ = {isa = PBXFileReference; lastKnownFileType = sourcecode.c.objc; path = ViewController.m; sourceTree = "<group>"; };
		917608341B8DABC200E3B2CC /* Base */ = {isa = PBXFileReference; lastKnownFileType = file.storyboard; name = Base; path = Base.lproj/Main.storyboard; sourceTree = "<group>"; };
		917608361B8DABC200E3B2CC /* Images.xcassets */ = {isa = PBXFileReference; lastKnownFileType = folder.assetcatalog; path = Images.xcassets; sourceTree = "<group>"; };
		917608391B8DABC200E3B2CC /* Base */ = {isa = PBXFileReference; lastKnownFileType = file.xib; name = Base; path = Base.lproj/LaunchScreen.xib; sourceTree = "<group>"; };
		9176083F1B8DABC300E3B2CC /* UIActionSheetDemoTests.xctest */ = {isa = PBXFileReference; explicitFileType = wrapper.cfbundle; includeInIndex = 0; path = UIActionSheetDemoTests.xctest; sourceTree = BUILT_PRODUCTS_DIR; };
		917608441B8DABC300E3B2CC /* Info.plist */ = {isa = PBXFileReference; lastKnownFileType = text.plist.xml; path = Info.plist; sourceTree = "<group>"; };
		917608451B8DABC300E3B2CC /* UIActionSheetDemoTests.m */ = {isa = PBXFileReference; lastKnownFileType = sourcecode.c.objc; path = UIActionSheetDemoTests.m; sourceTree = "<group>"; };
/* End PBXFileReference section */

/* Begin PBXFrameworksBuildPhase section */
		917608231B8DABC200E3B2CC /* Frameworks */ = {
			isa = PBXFrameworksBuildPhase;
			buildActionMask = 2147483647;
			files = (
			);
			runOnlyForDeploymentPostprocessing = 0;
		};
		9176083C1B8DABC300E3B2CC /* Frameworks */ = {
			isa = PBXFrameworksBuildPhase;
			buildActionMask = 2147483647;
			files = (
			);
			runOnlyForDeploymentPostprocessing = 0;
		};
/* End PBXFrameworksBuildPhase section */

/* Begin PBXGroup section */
		9176081D1B8DABC200E3B2CC = {
			isa = PBXGroup;
			children = (
				917608281B8DABC200E3B2CC /* UIActionSheetDemo */,
				917608421B8DABC300E3B2CC /* UIActionSheetDemoTests */,
				917608271B8DABC200E3B2CC /* Products */,
			);
			sourceTree = "<group>";
		};
		917608271B8DABC200E3B2CC /* Products */ = {
			isa = PBXGroup;
			children = (
				917608261B8DABC200E3B2CC /* UIActionSheetDemo.app */,
				9176083F1B8DABC300E3B2CC /* UIActionSheetDemoTests.xctest */,
			);
			name = Products;
			sourceTree = "<group>";
		};
		917608281B8DABC200E3B2CC /* UIActionSheetDemo */ = {
			isa = PBXGroup;
			children = (
				9176082D1B8DABC200E3B2CC /* AppDelegate.h */,
				9176082E1B8DABC200E3B2CC /* AppDelegate.m */,
				917608301B8DABC200E3B2CC /* ViewController.h */,
				917608311B8DABC200E3B2CC /* ViewController.m */,
				917608331B8DABC200E3B2CC /* Main.storyboard */,
				917608361B8DABC200E3B2CC /* Images.xcassets */,
				917608381B8DABC200E3B2CC /* LaunchScreen.xib */,
				917608291B8DABC200E3B2CC /* Supporting Files */,
			);
			path = UIActionSheetDemo;
			sourceTree = "<group>";
		};
		917608291B8DABC200E3B2CC /* Supporting Files */ = {
			isa = PBXGroup;
			children = (
				9176082A1B8DABC200E3B2CC /* Info.plist */,
				9176082B1B8DABC200E3B2CC /* main.m */,
			);
			name = "Supporting Files";
			sourceTree = "<group>";
		};
		917608421B8DABC300E3B2CC /* UIActionSheetDemoTests */ = {
			isa = PBXGroup;
			children = (
				917608451B8DABC300E3B2CC /* UIActionSheetDemoTests.m */,
				917608431B8DABC300E3B2CC /* Supporting Files */,
			);
			path = UIActionSheetDemoTests;
			sourceTree = "<group>";
		};
		917608431B8DABC300E3B2CC /* Supporting Files */ = {
			isa = PBXGroup;
			children = (
				917608441B8DABC300E3B2CC /* Info.plist */,
			);
			name = "Supporting Files";
			sourceTree = "<group>";
		};
/* End PBXGroup section */

/* Begin PBXNativeTarget section */
		917608251B8DABC200E3B2CC /* UIActionSheetDemo */ = {
			isa = PBXNativeTarget;
			buildConfigurationList = 917608491B8DABC300E3B2CC /* Build configuration list for PBXNativeTarget "UIActionSheetDemo" */;
			buildPhases = (
				917608221B8DABC200E3B2CC /* Sources */,
				917608231B8DABC200E3B2CC /* Frameworks */,
				917608241B8DABC200E3B2CC /* Resources */,
			);
			buildRules = (
			);
			dependencies = (
			);
			name = UIActionSheetDemo;
			productName = UIActionSheetDemo;
			productReference = 917608261B8DABC200E3B2CC /* UIActionSheetDemo.app */;
			productType = "com.apple.product-type.application";
		};
		9176083E1B8DABC300E3B2CC /* UIActionSheetDemoTests */ = {
			isa = PBXNativeTarget;
			buildConfigurationList = 9176084C1B8DABC300E3B2CC /* Build configuration list for PBXNativeTarget "UIActionSheetDemoTests" */;
			buildPhases = (
				9176083B1B8DABC300E3B2CC /* Sources */,
				9176083C1B8DABC300E3B2CC /* Frameworks */,
				9176083D1B8DABC300E3B2CC /* Resources */,
			);
			buildRules = (
			);
			dependencies = (
				917608411B8DABC300E3B2CC /* PBXTargetDependency */,
			);
			name = UIActionSheetDemoTests;
			productName = UIActionSheetDemoTests;
			productReference = 9176083F1B8DABC300E3B2CC /* UIActionSheetDemoTests.xctest */;
			productType = "com.apple.product-type.bundle.unit-test";
		};
/* End PBXNativeTarget section */

/* Begin PBXProject section */
		9176081E1B8DABC200E3B2CC /* Project object */ = {
			isa = PBXProject;
			attributes = {
				LastUpgradeCheck = 0640;
				ORGANIZATIONNAME = MapKing;
				TargetAttributes = {
					917608251B8DABC200E3B2CC = {
						CreatedOnToolsVersion = 6.4;
					};
					9176083E1B8DABC300E3B2CC = {
						CreatedOnToolsVersion = 6.4;
						TestTargetID = 917608251B8DABC200E3B2CC;
					};
				};
			};
			buildConfigurationList = 917608211B8DABC200E3B2CC /* Build configuration list for PBXProject "UIActionSheetDemo" */;
			compatibilityVersion = "Xcode 3.2";
			developmentRegion = English;
			hasScannedForEncodings = 0;
			knownRegions = (
				en,
				Base,
			);
			mainGroup = 9176081D1B8DABC200E3B2CC;
			productRefGroup = 917608271B8DABC200E3B2CC /* Products */;
			projectDirPath = "";
			projectRoot = "";
			targets = (
				917608251B8DABC200E3B2CC /* UIActionSheetDemo */,
				9176083E1B8DABC300E3B2CC /* UIActionSheetDemoTests */,
			);
		};
/* End PBXProject section */

/* Begin PBXResourcesBuildPhase section */
		917608241B8DABC200E3B2CC /* Resources */ = {
			isa = PBXResourcesBuildPhase;
			buildActionMask = 2147483647;
			files = (
				917608351B8DABC200E3B2CC /* Main.storyboard in Resources */,
				9176083A1B8DABC200E3B2CC /* LaunchScreen.xib in Resources */,
				917608371B8DABC200E3B2CC /* Images.xcassets in Resources */,
			);
			runOnlyForDeploymentPostprocessing = 0;
		};
		9176083D1B8DABC300E3B2CC /* Resources */ = {
			isa = PBXResourcesBuildPhase;
			buildActionMask = 2147483647;
			files = (
			);
			runOnlyForDeploymentPostprocessing = 0;
		};
/* End PBXResourcesBuildPhase section */

/* Begin PBXSourcesBuildPhase section */
		917608221B8DABC200E3B2CC /* Sources */ = {
			isa = PBXSourcesBuildPhase;
			buildActionMask = 2147483647;
			files = (
				917608321B8DABC200E3B2CC /* ViewController.m in Sources */,
				9176082F1B8DABC200E3B2CC /* AppDelegate.m in Sources */,
				9176082C1B8DABC200E3B2CC /* main.m in Sources */,
			);
			runOnlyForDeploymentPostprocessing = 0;
		};
		9176083B1B8DABC300E3B2CC /* Sources */ = {
			isa = PBXSourcesBuildPhase;
			buildActionMask = 2147483647;
			files = (
				917608461B8DABC300E3B2CC /* UIActionSheetDemoTests.m in Sources */,
			);
			runOnlyForDeploymentPostprocessing = 0;
		};
/* End PBXSourcesBuildPhase section */

/* Begin PBXTargetDependency section */
		917608411B8DABC300E3B2CC /* PBXTargetDependency */ = {
			isa = PBXTargetDependency;
			target = 917608251B8DABC200E3B2CC /* UIActionSheetDemo */;
			targetProxy = 917608401B8DABC300E3B2CC /* PBXContainerItemProxy */;
		};
/* End PBXTargetDependency section */

/* Begin PBXVariantGroup section */
		917608331B8DABC200E3B2CC /* Main.storyboard */ = {
			isa = PBXVariantGroup;
			children = (
				917608341B8DABC200E3B2CC /* Base */,
			);
			name = Main.storyboard;
			sourceTree = "<group>";
		};
		917608381B8DABC200E3B2CC /* LaunchScreen.xib */ = {
			isa = PBXVariantGroup;
			children = (
				917608391B8DABC200E3B2CC /* Base */,
			);
			name = LaunchScreen.xib;
			sourceTree = "<group>";
		};
/* End PBXVariantGroup section */

/* Begin XCBuildConfiguration section */
		917608471B8DABC300E3B2CC /* Debug */ = {
			isa = XCBuildConfiguration;
			buildSettings = {
				ALWAYS_SEARCH_USER_PATHS = NO;
				CLANG_CXX_LANGUAGE_STANDARD = "gnu++0x";
				CLANG_CXX_LIBRARY = "libc++";
				CLANG_ENABLE_MODULES = YES;
				CLANG_ENABLE_OBJC_ARC = YES;
				CLANG_WARN_BOOL_CONVERSION = YES;
				CLANG_WARN_CONSTANT_CONVERSION = YES;
				CLANG_WARN_DIRECT_OBJC_ISA_USAGE = YES_ERROR;
				CLANG_WARN_EMPTY_BODY = YES;
				CLANG_WARN_ENUM_CONVERSION = YES;
				CLANG_WARN_INT_CONVERSION = YES;
				CLANG_WARN_OBJC_ROOT_CLASS = YES_ERROR;
				CLANG_WARN_UNREACHABLE_CODE = YES;
				CLANG_WARN__DUPLICATE_METHOD_MATCH = YES;
				"CODE_SIGN_IDENTITY[sdk=iphoneos*]" = "iPhone Developer";
				COPY_PHASE_STRIP = NO;
				DEBUG_INFORMATION_FORMAT = "dwarf-with-dsym";
				ENABLE_STRICT_OBJC_MSGSEND = YES;
				GCC_C_LANGUAGE_STANDARD = gnu99;
				GCC_DYNAMIC_NO_PIC = NO;
				GCC_NO_COMMON_BLOCKS = YES;
				GCC_OPTIMIZATION_LEVEL = 0;
				GCC_PREPROCESSOR_DEFINITIONS = (
					"DEBUG=1",
					"$(inherited)",
				);
				GCC_SYMBOLS_PRIVATE_EXTERN = NO;
				GCC_WARN_64_TO_32_BIT_CONVERSION = YES;
				GCC_WARN_ABOUT_RETURN_TYPE = YES_ERROR;
				GCC_WARN_UNDECLARED_SELECTOR = YES;
				GCC_WARN_UNINITIALIZED_AUTOS = YES_AGGRESSIVE;
				GCC_WARN_UNUSED_FUNCTION = YES;
				GCC_WARN_UNUSED_VARIABLE = YES;
				IPHONEOS_DEPLOYMENT_TARGET = 8.4;
				MTL_ENABLE_DEBUG_INFO = YES;
				ONLY_ACTIVE_ARCH = YES;
				SDKROOT = iphoneos;
				TARGETED_DEVICE_FAMILY = "1,2";
			};
			name = Debug;
		};
		917608481B8DABC300E3B2CC /* Release */ = {
			isa = XCBuildConfiguration;
			buildSettings = {
				ALWAYS_SEARCH_USER_PATHS = NO;
				CLANG_CXX_LANGUAGE_STANDARD = "gnu++0x";
				CLANG_CXX_LIBRARY = "libc++";
				CLANG_ENABLE_MODULES = YES;
				CLANG_ENABLE_OBJC_ARC = YES;
				CLANG_WARN_BOOL_CONVERSION = YES;
				CLANG_WARN_CONSTANT_CONVERSION = YES;
				CLANG_WARN_DIRECT_OBJC_ISA_USAGE = YES_ERROR;
				CLANG_WARN_EMPTY_BODY = YES;
				CLANG_WARN_ENUM_CONVERSION = YES;
				CLANG_WARN_INT_CONVERSION = YES;
				CLANG_WARN_OBJC_ROOT_CLASS = YES_ERROR;
				CLANG_WARN_UNREACHABLE_CODE = YES;
				CLANG_WARN__DUPLICATE_METHOD_MATCH = YES;
				"CODE_SIGN_IDENTITY[sdk=iphoneos*]" = "iPhone Developer";
				COPY_PHASE_STRIP = NO;
				DEBUG_INFORMATION_FORMAT = "dwarf-with-dsym";
				ENABLE_NS_ASSERTIONS = NO;
				ENABLE_STRICT_OBJC_MSGSEND = YES;
				GCC_C_LANGUAGE_STANDARD = gnu99;
				GCC_NO_COMMON_BLOCKS = YES;
				GCC_WARN_64_TO_32_BIT_CONVERSION = YES;
				GCC_WARN_ABOUT_RETURN_TYPE = YES_ERROR;
				GCC_WARN_UNDECLARED_SELECTOR = YES;
				GCC_WARN_UNINITIALIZED_AUTOS = YES_AGGRESSIVE;
				GCC_WARN_UNUSED_FUNCTION = YES;
				GCC_WARN_UNUSED_VARIABLE = YES;
				IPHONEOS_DEPLOYMENT_TARGET = 8.4;
				MTL_ENABLE_DEBUG_INFO = NO;
				SDKROOT = iphoneos;
				TARGETED_DEVICE_FAMILY = "1,2";
				VALIDATE_PRODUCT = YES;
			};
			name = Release;
		};
		9176084A1B8DABC300E3B2CC /* Debug */ = {
			isa = XCBuildConfiguration;
			buildSettings = {
				ASSETCATALOG_COMPILER_APPICON_NAME = AppIcon;
				INFOPLIST_FILE = UIActionSheetDemo/Info.plist;
				LD_RUNPATH_SEARCH_PATHS = "$(inherited) @executable_path/Frameworks";
				PRODUCT_NAME = "$(TARGET_NAME)";
			};
			name = Debug;
		};
		9176084B1B8DABC300E3B2CC /* Release */ = {
			isa = XCBuildConfiguration;
			buildSettings = {
				ASSETCATALOG_COMPILER_APPICON_NAME = AppIcon;
				INFOPLIST_FILE = UIActionSheetDemo/Info.plist;
				LD_RUNPATH_SEARCH_PATHS = "$(inherited) @executable_path/Frameworks";
				PRODUCT_NAME = "$(TARGET_NAME)";
			};
			name = Release;
		};
		9176084D1B8DABC300E3B2CC /* Debug */ = {
			isa = XCBuildConfiguration;
			buildSettings = {
				BUNDLE_LOADER = "$(TEST_HOST)";
				FRAMEWORK_SEARCH_PATHS = (
					"$(SDKROOT)/Developer/Library/Frameworks",
					"$(inherited)",
				);
				GCC_PREPROCESSOR_DEFINITIONS = (
					"DEBUG=1",
					"$(inherited)",
				);
				INFOPLIST_FILE = UIActionSheetDemoTests/Info.plist;
				LD_RUNPATH_SEARCH_PATHS = "$(inherited) @executable_path/Frameworks @loader_path/Frameworks";
				PRODUCT_NAME = "$(TARGET_NAME)";
				TEST_HOST = "$(BUILT_PRODUCTS_DIR)/UIActionSheetDemo.app/UIActionSheetDemo";
			};
			name = Debug;
		};
		9176084E1B8DABC300E3B2CC /* Release */ = {
			isa = XCBuildConfiguration;
			buildSettings = {
				BUNDLE_LOADER = "$(TEST_HOST)";
				FRAMEWORK_SEARCH_PATHS = (
					"$(SDKROOT)/Developer/Library/Frameworks",
					"$(inherited)",
				);
				INFOPLIST_FILE = UIActionSheetDemoTests/Info.plist;
				LD_RUNPATH_SEARCH_PATHS = "$(inherited) @executable_path/Frameworks @loader_path/Frameworks";
				PRODUCT_NAME = "$(TARGET_NAME)";
				TEST_HOST = "$(BUILT_PRODUCTS_DIR)/UIActionSheetDemo.app/UIActionSheetDemo";
			};
			name = Release;
		};
/* End XCBuildConfiguration section */

/* Begin XCConfigurationList section */
		917608211B8DABC200E3B2CC /* Build configuration list for PBXProject "UIActionSheetDemo" */ = {
			isa = XCConfigurationList;
			buildConfigurations = (
				917608471B8DABC300E3B2CC /* Debug */,
				917608481B8DABC300E3B2CC /* Release */,
			);
			defaultConfigurationIsVisible = 0;
			defaultConfigurationName = Release;
		};
		917608491B8DABC300E3B2CC /* Build configuration list for PBXNativeTarget "UIActionSheetDemo" */ = {
			isa = XCConfigurationList;
			buildConfigurations = (
				9176084A1B8DABC300E3B2CC /* Debug */,
				9176084B1B8DABC300E3B2CC /* Release */,
			);
			defaultConfigurationIsVisible = 0;
		};
		9176084C1B8DABC300E3B2CC /* Build configuration list for PBXNativeTarget "UIActionSheetDemoTests" */ = {
			isa = XCConfigurationList;
			buildConfigurations = (
				9176084D1B8DABC300E3B2CC /* Debug */,
				9176084E1B8DABC300E3B2CC /* Release */,
			);
			defaultConfigurationIsVisible = 0;
		};
/* End XCConfigurationList section */
	};
	rootObject = 9176081E1B8DABC200E3B2CC /* Project object */;
}
