// !$*UTF8*$!
{
	archiveVersion = 1;
	classes = {
	};
	objectVersion = 46;
	objects = {

/* Begin PBXBuildFile section */
		91AF51E01B8B573E0073A318 /* main.m in Sources */ = {isa = PBXBuildFile; fileRef = 91AF51DF1B8B573E0073A318 /* main.m */; };
		91AF51E31B8B573E0073A318 /* AppDelegate.m in Sources */ = {isa = PBXBuildFile; fileRef = 91AF51E21B8B573E0073A318 /* AppDelegate.m */; };
		91AF51E61B8B573E0073A318 /* ViewController.m in Sources */ = {isa = PBXBuildFile; fileRef = 91AF51E51B8B573E0073A318 /* ViewController.m */; };
		91AF51E91B8B573E0073A318 /* Main.storyboard in Resources */ = {isa = PBXBuildFile; fileRef = 91AF51E71B8B573E0073A318 /* Main.storyboard */; };
		91AF51EB1B8B573E0073A318 /* Images.xcassets in Resources */ = {isa = PBXBuildFile; fileRef = 91AF51EA1B8B573E0073A318 /* Images.xcassets */; };
		91AF51EE1B8B573E0073A318 /* LaunchScreen.xib in Resources */ = {isa = PBXBuildFile; fileRef = 91AF51EC1B8B573E0073A318 /* LaunchScreen.xib */; };
		91AF51FA1B8B573E0073A318 /* UIAlertViewDemoTests.m in Sources */ = {isa = PBXBuildFile; fileRef = 91AF51F91B8B573E0073A318 /* UIAlertViewDemoTests.m */; };
/* End PBXBuildFile section */

/* Begin PBXContainerItemProxy section */
		91AF51F41B8B573E0073A318 /* PBXContainerItemProxy */ = {
			isa = PBXContainerItemProxy;
			containerPortal = 91AF51D21B8B573E0073A318 /* Project object */;
			proxyType = 1;
			remoteGlobalIDString = 91AF51D91B8B573E0073A318;
			remoteInfo = UIAlertViewDemo;
		};
/* End PBXContainerItemProxy section */

/* Begin PBXFileReference section */
		91AF51DA1B8B573E0073A318 /* UIAlertViewDemo.app */ = {isa = PBXFileReference; explicitFileType = wrapper.application; includeInIndex = 0; path = UIAlertViewDemo.app; sourceTree = BUILT_PRODUCTS_DIR; };
		91AF51DE1B8B573E0073A318 /* Info.plist */ = {isa = PBXFileReference; lastKnownFileType = text.plist.xml; path = Info.plist; sourceTree = "<group>"; };
		91AF51DF1B8B573E0073A318 /* main.m */ = {isa = PBXFileReference; lastKnownFileType = sourcecode.c.objc; path = main.m; sourceTree = "<group>"; };
		91AF51E11B8B573E0073A318 /* AppDelegate.h */ = {isa = PBXFileReference; lastKnownFileType = sourcecode.c.h; path = AppDelegate.h; sourceTree = "<group>"; };
		91AF51E21B8B573E0073A318 /* AppDelegate.m */ = {isa = PBXFileReference; lastKnownFileType = sourcecode.c.objc; path = AppDelegate.m; sourceTree = "<group>"; };
		91AF51E41B8B573E0073A318 /* ViewController.h */ = {isa = PBXFileReference; lastKnownFileType = sourcecode.c.h; path = ViewController.h; sourceTree = "<group>"; };
		91AF51E51B8B573E0073A318 /* ViewController.m */ = {isa = PBXFileReference; lastKnownFileType = sourcecode.c.objc; path = ViewController.m; sourceTree = "<group>"; };
		91AF51E81B8B573E0073A318 /* Base */ = {isa = PBXFileReference; lastKnownFileType = file.storyboard; name = Base; path = Base.lproj/Main.storyboard; sourceTree = "<group>"; };
		91AF51EA1B8B573E0073A318 /* Images.xcassets */ = {isa = PBXFileReference; lastKnownFileType = folder.assetcatalog; path = Images.xcassets; sourceTree = "<group>"; };
		91AF51ED1B8B573E0073A318 /* Base */ = {isa = PBXFileReference; lastKnownFileType = file.xib; name = Base; path = Base.lproj/LaunchScreen.xib; sourceTree = "<group>"; };
		91AF51F31B8B573E0073A318 /* UIAlertViewDemoTests.xctest */ = {isa = PBXFileReference; explicitFileType = wrapper.cfbundle; includeInIndex = 0; path = UIAlertViewDemoTests.xctest; sourceTree = BUILT_PRODUCTS_DIR; };
		91AF51F81B8B573E0073A318 /* Info.plist */ = {isa = PBXFileReference; lastKnownFileType = text.plist.xml; path = Info.plist; sourceTree = "<group>"; };
		91AF51F91B8B573E0073A318 /* UIAlertViewDemoTests.m */ = {isa = PBXFileReference; lastKnownFileType = sourcecode.c.objc; path = UIAlertViewDemoTests.m; sourceTree = "<group>"; };
/* End PBXFileReference section */

/* Begin PBXFrameworksBuildPhase section */
		91AF51D71B8B573E0073A318 /* Frameworks */ = {
			isa = PBXFrameworksBuildPhase;
			buildActionMask = 2147483647;
			files = (
			);
			runOnlyForDeploymentPostprocessing = 0;
		};
		91AF51F01B8B573E0073A318 /* Frameworks */ = {
			isa = PBXFrameworksBuildPhase;
			buildActionMask = 2147483647;
			files = (
			);
			runOnlyForDeploymentPostprocessing = 0;
		};
/* End PBXFrameworksBuildPhase section */

/* Begin PBXGroup section */
		91AF51D11B8B573E0073A318 = {
			isa = PBXGroup;
			children = (
				91AF51DC1B8B573E0073A318 /* UIAlertViewDemo */,
				91AF51F61B8B573E0073A318 /* UIAlertViewDemoTests */,
				91AF51DB1B8B573E0073A318 /* Products */,
			);
			sourceTree = "<group>";
		};
		91AF51DB1B8B573E0073A318 /* Products */ = {
			isa = PBXGroup;
			children = (
				91AF51DA1B8B573E0073A318 /* UIAlertViewDemo.app */,
				91AF51F31B8B573E0073A318 /* UIAlertViewDemoTests.xctest */,
			);
			name = Products;
			sourceTree = "<group>";
		};
		91AF51DC1B8B573E0073A318 /* UIAlertViewDemo */ = {
			isa = PBXGroup;
			children = (
				91AF51E11B8B573E0073A318 /* AppDelegate.h */,
				91AF51E21B8B573E0073A318 /* AppDelegate.m */,
				91AF51E41B8B573E0073A318 /* ViewController.h */,
				91AF51E51B8B573E0073A318 /* ViewController.m */,
				91AF51E71B8B573E0073A318 /* Main.storyboard */,
				91AF51EA1B8B573E0073A318 /* Images.xcassets */,
				91AF51EC1B8B573E0073A318 /* LaunchScreen.xib */,
				91AF51DD1B8B573E0073A318 /* Supporting Files */,
			);
			path = UIAlertViewDemo;
			sourceTree = "<group>";
		};
		91AF51DD1B8B573E0073A318 /* Supporting Files */ = {
			isa = PBXGroup;
			children = (
				91AF51DE1B8B573E0073A318 /* Info.plist */,
				91AF51DF1B8B573E0073A318 /* main.m */,
			);
			name = "Supporting Files";
			sourceTree = "<group>";
		};
		91AF51F61B8B573E0073A318 /* UIAlertViewDemoTests */ = {
			isa = PBXGroup;
			children = (
				91AF51F91B8B573E0073A318 /* UIAlertViewDemoTests.m */,
				91AF51F71B8B573E0073A318 /* Supporting Files */,
			);
			path = UIAlertViewDemoTests;
			sourceTree = "<group>";
		};
		91AF51F71B8B573E0073A318 /* Supporting Files */ = {
			isa = PBXGroup;
			children = (
				91AF51F81B8B573E0073A318 /* Info.plist */,
			);
			name = "Supporting Files";
			sourceTree = "<group>";
		};
/* End PBXGroup section */

/* Begin PBXNativeTarget section */
		91AF51D91B8B573E0073A318 /* UIAlertViewDemo */ = {
			isa = PBXNativeTarget;
			buildConfigurationList = 91AF51FD1B8B573E0073A318 /* Build configuration list for PBXNativeTarget "UIAlertViewDemo" */;
			buildPhases = (
				91AF51D61B8B573E0073A318 /* Sources */,
				91AF51D71B8B573E0073A318 /* Frameworks */,
				91AF51D81B8B573E0073A318 /* Resources */,
			);
			buildRules = (
			);
			dependencies = (
			);
			name = UIAlertViewDemo;
			productName = UIAlertViewDemo;
			productReference = 91AF51DA1B8B573E0073A318 /* UIAlertViewDemo.app */;
			productType = "com.apple.product-type.application";
		};
		91AF51F21B8B573E0073A318 /* UIAlertViewDemoTests */ = {
			isa = PBXNativeTarget;
			buildConfigurationList = 91AF52001B8B573E0073A318 /* Build configuration list for PBXNativeTarget "UIAlertViewDemoTests" */;
			buildPhases = (
				91AF51EF1B8B573E0073A318 /* Sources */,
				91AF51F01B8B573E0073A318 /* Frameworks */,
				91AF51F11B8B573E0073A318 /* Resources */,
			);
			buildRules = (
			);
			dependencies = (
				91AF51F51B8B573E0073A318 /* PBXTargetDependency */,
			);
			name = UIAlertViewDemoTests;
			productName = UIAlertViewDemoTests;
			productReference = 91AF51F31B8B573E0073A318 /* UIAlertViewDemoTests.xctest */;
			productType = "com.apple.product-type.bundle.unit-test";
		};
/* End PBXNativeTarget section */

/* Begin PBXProject section */
		91AF51D21B8B573E0073A318 /* Project object */ = {
			isa = PBXProject;
			attributes = {
				LastUpgradeCheck = 0640;
				ORGANIZATIONNAME = MapKing;
				TargetAttributes = {
					91AF51D91B8B573E0073A318 = {
						CreatedOnToolsVersion = 6.4;
					};
					91AF51F21B8B573E0073A318 = {
						CreatedOnToolsVersion = 6.4;
						TestTargetID = 91AF51D91B8B573E0073A318;
					};
				};
			};
			buildConfigurationList = 91AF51D51B8B573E0073A318 /* Build configuration list for PBXProject "UIAlertViewDemo" */;
			compatibilityVersion = "Xcode 3.2";
			developmentRegion = English;
			hasScannedForEncodings = 0;
			knownRegions = (
				en,
				Base,
			);
			mainGroup = 91AF51D11B8B573E0073A318;
			productRefGroup = 91AF51DB1B8B573E0073A318 /* Products */;
			projectDirPath = "";
			projectRoot = "";
			targets = (
				91AF51D91B8B573E0073A318 /* UIAlertViewDemo */,
				91AF51F21B8B573E0073A318 /* UIAlertViewDemoTests */,
			);
		};
/* End PBXProject section */

/* Begin PBXResourcesBuildPhase section */
		91AF51D81B8B573E0073A318 /* Resources */ = {
			isa = PBXResourcesBuildPhase;
			buildActionMask = 2147483647;
			files = (
				91AF51E91B8B573E0073A318 /* Main.storyboard in Resources */,
				91AF51EE1B8B573E0073A318 /* LaunchScreen.xib in Resources */,
				91AF51EB1B8B573E0073A318 /* Images.xcassets in Resources */,
			);
			runOnlyForDeploymentPostprocessing = 0;
		};
		91AF51F11B8B573E0073A318 /* Resources */ = {
			isa = PBXResourcesBuildPhase;
			buildActionMask = 2147483647;
			files = (
			);
			runOnlyForDeploymentPostprocessing = 0;
		};
/* End PBXResourcesBuildPhase section */

/* Begin PBXSourcesBuildPhase section */
		91AF51D61B8B573E0073A318 /* Sources */ = {
			isa = PBXSourcesBuildPhase;
			buildActionMask = 2147483647;
			files = (
				91AF51E61B8B573E0073A318 /* ViewController.m in Sources */,
				91AF51E31B8B573E0073A318 /* AppDelegate.m in Sources */,
				91AF51E01B8B573E0073A318 /* main.m in Sources */,
			);
			runOnlyForDeploymentPostprocessing = 0;
		};
		91AF51EF1B8B573E0073A318 /* Sources */ = {
			isa = PBXSourcesBuildPhase;
			buildActionMask = 2147483647;
			files = (
				91AF51FA1B8B573E0073A318 /* UIAlertViewDemoTests.m in Sources */,
			);
			runOnlyForDeploymentPostprocessing = 0;
		};
/* End PBXSourcesBuildPhase section */

/* Begin PBXTargetDependency section */
		91AF51F51B8B573E0073A318 /* PBXTargetDependency */ = {
			isa = PBXTargetDependency;
			target = 91AF51D91B8B573E0073A318 /* UIAlertViewDemo */;
			targetProxy = 91AF51F41B8B573E0073A318 /* PBXContainerItemProxy */;
		};
/* End PBXTargetDependency section */

/* Begin PBXVariantGroup section */
		91AF51E71B8B573E0073A318 /* Main.storyboard */ = {
			isa = PBXVariantGroup;
			children = (
				91AF51E81B8B573E0073A318 /* Base */,
			);
			name = Main.storyboard;
			sourceTree = "<group>";
		};
		91AF51EC1B8B573E0073A318 /* LaunchScreen.xib */ = {
			isa = PBXVariantGroup;
			children = (
				91AF51ED1B8B573E0073A318 /* Base */,
			);
			name = LaunchScreen.xib;
			sourceTree = "<group>";
		};
/* End PBXVariantGroup section */

/* Begin XCBuildConfiguration section */
		91AF51FB1B8B573E0073A318 /* Debug */ = {
			isa = XCBuildConfiguration;
			buildSettings = {
				ALWAYS_SEARCH_USER_PATHS = NO;
				CLANG_CXX_LANGUAGE_STANDARD = "gnu++0x";
				CLANG_CXX_LIBRARY = "libc++";
				CLANG_ENABLE_MODULES = YES;
				CLANG_ENABLE_OBJC_ARC = YES;
				CLANG_WARN_BOOL_CONVERSION = YES;
				CLANG_WARN_CONSTANT_CONVERSION = YES;
				CLANG_WARN_DIRECT_OBJC_ISA_USAGE = YES_ERROR;
				CLANG_WARN_EMPTY_BODY = YES;
				CLANG_WARN_ENUM_CONVERSION = YES;
				CLANG_WARN_INT_CONVERSION = YES;
				CLANG_WARN_OBJC_ROOT_CLASS = YES_ERROR;
				CLANG_WARN_UNREACHABLE_CODE = YES;
				CLANG_WARN__DUPLICATE_METHOD_MATCH = YES;
				"CODE_SIGN_IDENTITY[sdk=iphoneos*]" = "iPhone Developer";
				COPY_PHASE_STRIP = NO;
				DEBUG_INFORMATION_FORMAT = "dwarf-with-dsym";
				ENABLE_STRICT_OBJC_MSGSEND = YES;
				GCC_C_LANGUAGE_STANDARD = gnu99;
				GCC_DYNAMIC_NO_PIC = NO;
				GCC_NO_COMMON_BLOCKS = YES;
				GCC_OPTIMIZATION_LEVEL = 0;
				GCC_PREPROCESSOR_DEFINITIONS = (
					"DEBUG=1",
					"$(inherited)",
				);
				GCC_SYMBOLS_PRIVATE_EXTERN = NO;
				GCC_WARN_64_TO_32_BIT_CONVERSION = YES;
				GCC_WARN_ABOUT_RETURN_TYPE = YES_ERROR;
				GCC_WARN_UNDECLARED_SELECTOR = YES;
				GCC_WARN_UNINITIALIZED_AUTOS = YES_AGGRESSIVE;
				GCC_WARN_UNUSED_FUNCTION = YES;
				GCC_WARN_UNUSED_VARIABLE = YES;
				IPHONEOS_DEPLOYMENT_TARGET = 8.4;
				MTL_ENABLE_DEBUG_INFO = YES;
				ONLY_ACTIVE_ARCH = YES;
				SDKROOT = iphoneos;
				TARGETED_DEVICE_FAMILY = "1,2";
			};
			name = Debug;
		};
		91AF51FC1B8B573E0073A318 /* Release */ = {
			isa = XCBuildConfiguration;
			buildSettings = {
				ALWAYS_SEARCH_USER_PATHS = NO;
				CLANG_CXX_LANGUAGE_STANDARD = "gnu++0x";
				CLANG_CXX_LIBRARY = "libc++";
				CLANG_ENABLE_MODULES = YES;
				CLANG_ENABLE_OBJC_ARC = YES;
				CLANG_WARN_BOOL_CONVERSION = YES;
				CLANG_WARN_CONSTANT_CONVERSION = YES;
				CLANG_WARN_DIRECT_OBJC_ISA_USAGE = YES_ERROR;
				CLANG_WARN_EMPTY_BODY = YES;
				CLANG_WARN_ENUM_CONVERSION = YES;
				CLANG_WARN_INT_CONVERSION = YES;
				CLANG_WARN_OBJC_ROOT_CLASS = YES_ERROR;
				CLANG_WARN_UNREACHABLE_CODE = YES;
				CLANG_WARN__DUPLICATE_METHOD_MATCH = YES;
				"CODE_SIGN_IDENTITY[sdk=iphoneos*]" = "iPhone Developer";
				COPY_PHASE_STRIP = NO;
				DEBUG_INFORMATION_FORMAT = "dwarf-with-dsym";
				ENABLE_NS_ASSERTIONS = NO;
				ENABLE_STRICT_OBJC_MSGSEND = YES;
				GCC_C_LANGUAGE_STANDARD = gnu99;
				GCC_NO_COMMON_BLOCKS = YES;
				GCC_WARN_64_TO_32_BIT_CONVERSION = YES;
				GCC_WARN_ABOUT_RETURN_TYPE = YES_ERROR;
				GCC_WARN_UNDECLARED_SELECTOR = YES;
				GCC_WARN_UNINITIALIZED_AUTOS = YES_AGGRESSIVE;
				GCC_WARN_UNUSED_FUNCTION = YES;
				GCC_WARN_UNUSED_VARIABLE = YES;
				IPHONEOS_DEPLOYMENT_TARGET = 8.4;
				MTL_ENABLE_DEBUG_INFO = NO;
				SDKROOT = iphoneos;
				TARGETED_DEVICE_FAMILY = "1,2";
				VALIDATE_PRODUCT = YES;
			};
			name = Release;
		};
		91AF51FE1B8B573E0073A318 /* Debug */ = {
			isa = XCBuildConfiguration;
			buildSettings = {
				ASSETCATALOG_COMPILER_APPICON_NAME = AppIcon;
				INFOPLIST_FILE = UIAlertViewDemo/Info.plist;
				LD_RUNPATH_SEARCH_PATHS = "$(inherited) @executable_path/Frameworks";
				PRODUCT_NAME = "$(TARGET_NAME)";
			};
			name = Debug;
		};
		91AF51FF1B8B573E0073A318 /* Release */ = {
			isa = XCBuildConfiguration;
			buildSettings = {
				ASSETCATALOG_COMPILER_APPICON_NAME = AppIcon;
				INFOPLIST_FILE = UIAlertViewDemo/Info.plist;
				LD_RUNPATH_SEARCH_PATHS = "$(inherited) @executable_path/Frameworks";
				PRODUCT_NAME = "$(TARGET_NAME)";
			};
			name = Release;
		};
		91AF52011B8B573E0073A318 /* Debug */ = {
			isa = XCBuildConfiguration;
			buildSettings = {
				BUNDLE_LOADER = "$(TEST_HOST)";
				FRAMEWORK_SEARCH_PATHS = (
					"$(SDKROOT)/Developer/Library/Frameworks",
					"$(inherited)",
				);
				GCC_PREPROCESSOR_DEFINITIONS = (
					"DEBUG=1",
					"$(inherited)",
				);
				INFOPLIST_FILE = UIAlertViewDemoTests/Info.plist;
				LD_RUNPATH_SEARCH_PATHS = "$(inherited) @executable_path/Frameworks @loader_path/Frameworks";
				PRODUCT_NAME = "$(TARGET_NAME)";
				TEST_HOST = "$(BUILT_PRODUCTS_DIR)/UIAlertViewDemo.app/UIAlertViewDemo";
			};
			name = Debug;
		};
		91AF52021B8B573E0073A318 /* Release */ = {
			isa = XCBuildConfiguration;
			buildSettings = {
				BUNDLE_LOADER = "$(TEST_HOST)";
				FRAMEWORK_SEARCH_PATHS = (
					"$(SDKROOT)/Developer/Library/Frameworks",
					"$(inherited)",
				);
				INFOPLIST_FILE = UIAlertViewDemoTests/Info.plist;
				LD_RUNPATH_SEARCH_PATHS = "$(inherited) @executable_path/Frameworks @loader_path/Frameworks";
				PRODUCT_NAME = "$(TARGET_NAME)";
				TEST_HOST = "$(BUILT_PRODUCTS_DIR)/UIAlertViewDemo.app/UIAlertViewDemo";
			};
			name = Release;
		};
/* End XCBuildConfiguration section */

/* Begin XCConfigurationList section */
		91AF51D51B8B573E0073A318 /* Build configuration list for PBXProject "UIAlertViewDemo" */ = {
			isa = XCConfigurationList;
			buildConfigurations = (
				91AF51FB1B8B573E0073A318 /* Debug */,
				91AF51FC1B8B573E0073A318 /* Release */,
			);
			defaultConfigurationIsVisible = 0;
			defaultConfigurationName = Release;
		};
		91AF51FD1B8B573E0073A318 /* Build configuration list for PBXNativeTarget "UIAlertViewDemo" */ = {
			isa = XCConfigurationList;
			buildConfigurations = (
				91AF51FE1B8B573E0073A318 /* Debug */,
				91AF51FF1B8B573E0073A318 /* Release */,
			);
			defaultConfigurationIsVisible = 0;
		};
		91AF52001B8B573E0073A318 /* Build configuration list for PBXNativeTarget "UIAlertViewDemoTests" */ = {
			isa = XCConfigurationList;
			buildConfigurations = (
				91AF52011B8B573E0073A318 /* Debug */,
				91AF52021B8B573E0073A318 /* Release */,
			);
			defaultConfigurationIsVisible = 0;
		};
/* End XCConfigurationList section */
	};
	rootObject = 91AF51D21B8B573E0073A318 /* Project object */;
}
